
Microsoft Visual Studio Solution File, Format Version 12.00
# Visual Studio Version 16
VisualStudioVersion = 16.0.29519.181
MinimumVisualStudioVersion = 10.0.40219.1
Project("{FAE04EC0-301F-11D3-BF4B-00C04F79EFBC}") = "WalkAround", "WalkAround.csproj", "{52CE1E9E-D98C-4320-B458-C4171D2534FA}"
EndProject
Project("{2150E333-8FDC-42A3-9474-1A3956D46DE8}") = "Solution Items", "Solution Items", "{45E264AC-0A81-4144-9254-7DE576DCAF25}"
	ProjectSection(SolutionItems) = preProject
		.editorconfig = .editorconfig
	EndProjectSection
EndProject
Global
	GlobalSection(SolutionConfigurationPlatforms) = preSolution
		Debug|x86 = Debug|x86
		Release|x86 = Release|x86
	EndGlobalSection
	GlobalSection(ProjectConfigurationPlatforms) = postSolution
		{52CE1E9E-D98C-4320-B458-C4171D2534FA}.Debug|x86.ActiveCfg = Debug|x86
		{52CE1E9E-D98C-4320-B458-C4171D2534FA}.Debug|x86.Build.0 = Debug|x86
		{52CE1E9E-D98C-4320-B458-C4171D2534FA}.Release|x86.ActiveCfg = Release|x86
		{52CE1E9E-D98C-4320-B458-C4171D2534FA}.Release|x86.Build.0 = Release|x86
	EndGlobalSection
	GlobalSection(SolutionProperties) = preSolution
		HideSolutionNode = FALSE
	EndGlobalSection
	GlobalSection(ExtensibilityGlobals) = postSolution
		SolutionGuid = {F77F98C8-C206-4F0A-ADD3-5DE69A14363F}
	EndGlobalSection
EndGlobal
